
Microsoft Visual Studio Solution File, Format Version 12.00
# Visual Studio Version 16
VisualStudioVersion = 16.0.34931.43
MinimumVisualStudioVersion = 10.0.40219.1
Project("{FAE04EC0-301F-11D3-BF4B-00C04F79EFBC}") = "ConsoleApp13.6", "ConsoleApp13.6.csproj", "{B364E0A1-6CEF-4702-B65F-783855B1380B}"
EndProject
Global
	GlobalSection(SolutionConfigurationPlatforms) = preSolution
		Debug|Any CPU = Debug|Any CPU
		Release|Any CPU = Release|Any CPU
	EndGlobalSection
	GlobalSection(ProjectConfigurationPlatforms) = postSolution
		{B364E0A1-6CEF-4702-B65F-783855B1380B}.Debug|Any CPU.ActiveCfg = Debug|Any CPU
		{B364E0A1-6CEF-4702-B65F-783855B1380B}.Debug|Any CPU.Build.0 = Debug|Any CPU
		{B364E0A1-6CEF-4702-B65F-783855B1380B}.Release|Any CPU.ActiveCfg = Release|Any CPU
		{B364E0A1-6CEF-4702-B65F-783855B1380B}.Release|Any CPU.Build.0 = Release|Any CPU
	EndGlobalSection
	GlobalSection(SolutionProperties) = preSolution
		HideSolutionNode = FALSE
	EndGlobalSection
	GlobalSection(ExtensibilityGlobals) = postSolution
		SolutionGuid = {835C3C5D-3700-4E55-B4FF-83DD010FFD81}
	EndGlobalSection
EndGlobal
